// !$*UTF8*$!
{
	archiveVersion = 1;
	classes = {
	};
	objectVersion = 50;
	objects = {

/* Begin PBXBuildFile section */
		4CA5F2E42380EC7B003D6BE1 /* BottomBar.swift in Sources */ = {isa = PBXBuildFile; fileRef = 4CA5F2E32380EC7B003D6BE1 /* BottomBar.swift */; };
		4CA5F2E72380F23C003D6BE1 /* Model.xcdatamodeld in Sources */ = {isa = PBXBuildFile; fileRef = 4CA5F2E52380F23C003D6BE1 /* Model.xcdatamodeld */; };
		4CBAA633237E9010005DFA8B /* HeaderView.swift in Sources */ = {isa = PBXBuildFile; fileRef = 4CBAA632237E9010005DFA8B /* HeaderView.swift */; };
		4CF752EA237D146000D953C1 /* AppDelegate.swift in Sources */ = {isa = PBXBuildFile; fileRef = 4CF752E9237D146000D953C1 /* AppDelegate.swift */; };
		4CF752EC237D146000D953C1 /* SceneDelegate.swift in Sources */ = {isa = PBXBuildFile; fileRef = 4CF752EB237D146000D953C1 /* SceneDelegate.swift */; };
		4CF752EE237D146000D953C1 /* ContentView.swift in Sources */ = {isa = PBXBuildFile; fileRef = 4CF752ED237D146000D953C1 /* ContentView.swift */; };
		4CF752F0237D146300D953C1 /* Assets.xcassets in Resources */ = {isa = PBXBuildFile; fileRef = 4CF752EF237D146300D953C1 /* Assets.xcassets */; };
		4CF752F3237D146300D953C1 /* Preview Assets.xcassets in Resources */ = {isa = PBXBuildFile; fileRef = 4CF752F2237D146300D953C1 /* Preview Assets.xcassets */; };
		4CF752F6237D146300D953C1 /* LaunchScreen.storyboard in Resources */ = {isa = PBXBuildFile; fileRef = 4CF752F4237D146300D953C1 /* LaunchScreen.storyboard */; };
		4CF752FE237D1EFB00D953C1 /* BudgetRow.swift in Sources */ = {isa = PBXBuildFile; fileRef = 4CF752FD237D1EFB00D953C1 /* BudgetRow.swift */; };
		4CF75300237D244200D953C1 /* DataController.swift in Sources */ = {isa = PBXBuildFile; fileRef = 4CF752FF237D244200D953C1 /* DataController.swift */; };
/* End PBXBuildFile section */

/* Begin PBXFileReference section */
		4CA5F2E32380EC7B003D6BE1 /* BottomBar.swift */ = {isa = PBXFileReference; lastKnownFileType = sourcecode.swift; path = BottomBar.swift; sourceTree = "<group>"; };
		4CA5F2E62380F23C003D6BE1 /* Model.xcdatamodel */ = {isa = PBXFileReference; lastKnownFileType = wrapper.xcdatamodel; path = Model.xcdatamodel; sourceTree = "<group>"; };
		4CBAA632237E9010005DFA8B /* HeaderView.swift */ = {isa = PBXFileReference; lastKnownFileType = sourcecode.swift; path = HeaderView.swift; sourceTree = "<group>"; };
		4CF752E6237D146000D953C1 /* Budgetor.app */ = {isa = PBXFileReference; explicitFileType = wrapper.application; includeInIndex = 0; path = Budgetor.app; sourceTree = BUILT_PRODUCTS_DIR; };
		4CF752E9237D146000D953C1 /* AppDelegate.swift */ = {isa = PBXFileReference; lastKnownFileType = sourcecode.swift; path = AppDelegate.swift; sourceTree = "<group>"; };
		4CF752EB237D146000D953C1 /* SceneDelegate.swift */ = {isa = PBXFileReference; lastKnownFileType = sourcecode.swift; path = SceneDelegate.swift; sourceTree = "<group>"; };
		4CF752ED237D146000D953C1 /* ContentView.swift */ = {isa = PBXFileReference; lastKnownFileType = sourcecode.swift; path = ContentView.swift; sourceTree = "<group>"; };
		4CF752EF237D146300D953C1 /* Assets.xcassets */ = {isa = PBXFileReference; lastKnownFileType = folder.assetcatalog; path = Assets.xcassets; sourceTree = "<group>"; };
		4CF752F2237D146300D953C1 /* Preview Assets.xcassets */ = {isa = PBXFileReference; lastKnownFileType = folder.assetcatalog; path = "Preview Assets.xcassets"; sourceTree = "<group>"; };
		4CF752F5237D146300D953C1 /* Base */ = {isa = PBXFileReference; lastKnownFileType = file.storyboard; name = Base; path = Base.lproj/LaunchScreen.storyboard; sourceTree = "<group>"; };
		4CF752F7237D146300D953C1 /* Info.plist */ = {isa = PBXFileReference; lastKnownFileType = text.plist.xml; path = Info.plist; sourceTree = "<group>"; };
		4CF752FD237D1EFB00D953C1 /* BudgetRow.swift */ = {isa = PBXFileReference; lastKnownFileType = sourcecode.swift; path = BudgetRow.swift; sourceTree = "<group>"; };
		4CF752FF237D244200D953C1 /* DataController.swift */ = {isa = PBXFileReference; lastKnownFileType = sourcecode.swift; path = DataController.swift; sourceTree = "<group>"; };
/* End PBXFileReference section */

/* Begin PBXFrameworksBuildPhase section */
		4CF752E3237D146000D953C1 /* Frameworks */ = {
			isa = PBXFrameworksBuildPhase;
			buildActionMask = 2147483647;
			files = (
			);
			runOnlyForDeploymentPostprocessing = 0;
		};
/* End PBXFrameworksBuildPhase section */

/* Begin PBXGroup section */
		4CA5F2F02380F699003D6BE1 /* Data */ = {
			isa = PBXGroup;
			children = (
				4CF752FF237D244200D953C1 /* DataController.swift */,
			);
			path = Data;
			sourceTree = "<group>";
		};
		4CA5F2F12380F6B0003D6BE1 /* View */ = {
			isa = PBXGroup;
			children = (
				4CF752ED237D146000D953C1 /* ContentView.swift */,
				4CF752FD237D1EFB00D953C1 /* BudgetRow.swift */,
				4CBAA632237E9010005DFA8B /* HeaderView.swift */,
				4CA5F2E32380EC7B003D6BE1 /* BottomBar.swift */,
			);
			path = View;
			sourceTree = "<group>";
		};
		4CF752DD237D146000D953C1 = {
			isa = PBXGroup;
			children = (
				4CF752E8237D146000D953C1 /* Budgetor */,
				4CF752E7237D146000D953C1 /* Products */,
			);
			sourceTree = "<group>";
		};
		4CF752E7237D146000D953C1 /* Products */ = {
			isa = PBXGroup;
			children = (
				4CF752E6237D146000D953C1 /* Budgetor.app */,
			);
			name = Products;
			sourceTree = "<group>";
		};
		4CF752E8237D146000D953C1 /* Budgetor */ = {
			isa = PBXGroup;
			children = (
				4CA5F2F12380F6B0003D6BE1 /* View */,
				4CA5F2F02380F699003D6BE1 /* Data */,
				4CF752E9237D146000D953C1 /* AppDelegate.swift */,
				4CF752EB237D146000D953C1 /* SceneDelegate.swift */,
				4CA5F2E52380F23C003D6BE1 /* Model.xcdatamodeld */,
				4CF752EF237D146300D953C1 /* Assets.xcassets */,
				4CF752F4237D146300D953C1 /* LaunchScreen.storyboard */,
				4CF752F7237D146300D953C1 /* Info.plist */,
				4CF752F1237D146300D953C1 /* Preview Content */,
			);
			path = Budgetor;
			sourceTree = "<group>";
		};
		4CF752F1237D146300D953C1 /* Preview Content */ = {
			isa = PBXGroup;
			children = (
				4CF752F2237D146300D953C1 /* Preview Assets.xcassets */,
			);
			path = "Preview Content";
			sourceTree = "<group>";
		};
/* End PBXGroup section */

/* Begin PBXNativeTarget section */
		4CF752E5237D146000D953C1 /* Budgetor */ = {
			isa = PBXNativeTarget;
			buildConfigurationList = 4CF752FA237D146300D953C1 /* Build configuration list for PBXNativeTarget "Budgetor" */;
			buildPhases = (
				4CF752E2237D146000D953C1 /* Sources */,
				4CF752E3237D146000D953C1 /* Frameworks */,
				4CF752E4237D146000D953C1 /* Resources */,
			);
			buildRules = (
			);
			dependencies = (
			);
			name = Budgetor;
			productName = Budgetor;
			productReference = 4CF752E6237D146000D953C1 /* Budgetor.app */;
			productType = "com.apple.product-type.application";
		};
/* End PBXNativeTarget section */

/* Begin PBXProject section */
		4CF752DE237D146000D953C1 /* Project object */ = {
			isa = PBXProject;
			attributes = {
				LastSwiftUpdateCheck = 1120;
				LastUpgradeCheck = 1120;
				ORGANIZATIONNAME = "Michael Pan";
				TargetAttributes = {
					4CF752E5237D146000D953C1 = {
						CreatedOnToolsVersion = 11.2.1;
					};
				};
			};
			buildConfigurationList = 4CF752E1237D146000D953C1 /* Build configuration list for PBXProject "Budgetor" */;
			compatibilityVersion = "Xcode 9.3";
			developmentRegion = en;
			hasScannedForEncodings = 0;
			knownRegions = (
				en,
				Base,
			);
			mainGroup = 4CF752DD237D146000D953C1;
			productRefGroup = 4CF752E7237D146000D953C1 /* Products */;
			projectDirPath = "";
			projectRoot = "";
			targets = (
				4CF752E5237D146000D953C1 /* Budgetor */,
			);
		};
/* End PBXProject section */

/* Begin PBXResourcesBuildPhase section */
		4CF752E4237D146000D953C1 /* Resources */ = {
			isa = PBXResourcesBuildPhase;
			buildActionMask = 2147483647;
			files = (
				4CF752F6237D146300D953C1 /* LaunchScreen.storyboard in Resources */,
				4CF752F3237D146300D953C1 /* Preview Assets.xcassets in Resources */,
				4CF752F0237D146300D953C1 /* Assets.xcassets in Resources */,
			);
			runOnlyForDeploymentPostprocessing = 0;
		};
/* End PBXResourcesBuildPhase section */

/* Begin PBXSourcesBuildPhase section */
		4CF752E2237D146000D953C1 /* Sources */ = {
			isa = PBXSourcesBuildPhase;
			buildActionMask = 2147483647;
			files = (
				4CF752EC237D146000D953C1 /* SceneDelegate.swift in Sources */,
				4CF752EA237D146000D953C1 /* AppDelegate.swift in Sources */,
				4CF752EE237D146000D953C1 /* ContentView.swift in Sources */,
				4CBAA633237E9010005DFA8B /* HeaderView.swift in Sources */,
				4CF752FE237D1EFB00D953C1 /* BudgetRow.swift in Sources */,
				4CA5F2E42380EC7B003D6BE1 /* BottomBar.swift in Sources */,
				4CA5F2E72380F23C003D6BE1 /* Model.xcdatamodeld in Sources */,
				4CF75300237D244200D953C1 /* DataController.swift in Sources */,
			);
			runOnlyForDeploymentPostprocessing = 0;
		};
/* End PBXSourcesBuildPhase section */

/* Begin PBXVariantGroup section */
		4CF752F4237D146300D953C1 /* LaunchScreen.storyboard */ = {
			isa = PBXVariantGroup;
			children = (
				4CF752F5237D146300D953C1 /* Base */,
			);
			name = LaunchScreen.storyboard;
			sourceTree = "<group>";
		};
/* End PBXVariantGroup section */

/* Begin XCBuildConfiguration section */
		4CF752F8237D146300D953C1 /* Debug */ = {
			isa = XCBuildConfiguration;
			buildSettings = {
				ALWAYS_SEARCH_USER_PATHS = NO;
				CLANG_ANALYZER_NONNULL = YES;
				CLANG_ANALYZER_NUMBER_OBJECT_CONVERSION = YES_AGGRESSIVE;
				CLANG_CXX_LANGUAGE_STANDARD = "gnu++14";
				CLANG_CXX_LIBRARY = "libc++";
				CLANG_ENABLE_MODULES = YES;
				CLANG_ENABLE_OBJC_ARC = YES;
				CLANG_ENABLE_OBJC_WEAK = YES;
				CLANG_WARN_BLOCK_CAPTURE_AUTORELEASING = YES;
				CLANG_WARN_BOOL_CONVERSION = YES;
				CLANG_WARN_COMMA = YES;
				CLANG_WARN_CONSTANT_CONVERSION = YES;
				CLANG_WARN_DEPRECATED_OBJC_IMPLEMENTATIONS = YES;
				CLANG_WARN_DIRECT_OBJC_ISA_USAGE = YES_ERROR;
				CLANG_WARN_DOCUMENTATION_COMMENTS = YES;
				CLANG_WARN_EMPTY_BODY = YES;
				CLANG_WARN_ENUM_CONVERSION = YES;
				CLANG_WARN_INFINITE_RECURSION = YES;
				CLANG_WARN_INT_CONVERSION = YES;
				CLANG_WARN_NON_LITERAL_NULL_CONVERSION = YES;
				CLANG_WARN_OBJC_IMPLICIT_RETAIN_SELF = YES;
				CLANG_WARN_OBJC_LITERAL_CONVERSION = YES;
				CLANG_WARN_OBJC_ROOT_CLASS = YES_ERROR;
				CLANG_WARN_RANGE_LOOP_ANALYSIS = YES;
				CLANG_WARN_STRICT_PROTOTYPES = YES;
				CLANG_WARN_SUSPICIOUS_MOVE = YES;
				CLANG_WARN_UNGUARDED_AVAILABILITY = YES_AGGRESSIVE;
				CLANG_WARN_UNREACHABLE_CODE = YES;
				CLANG_WARN__DUPLICATE_METHOD_MATCH = YES;
				COPY_PHASE_STRIP = NO;
				DEBUG_INFORMATION_FORMAT = dwarf;
				ENABLE_STRICT_OBJC_MSGSEND = YES;
				ENABLE_TESTABILITY = YES;
				GCC_C_LANGUAGE_STANDARD = gnu11;
				GCC_DYNAMIC_NO_PIC = NO;
				GCC_NO_COMMON_BLOCKS = YES;
				GCC_OPTIMIZATION_LEVEL = 0;
				GCC_PREPROCESSOR_DEFINITIONS = (
					"DEBUG=1",
					"$(inherited)",
				);
				GCC_WARN_64_TO_32_BIT_CONVERSION = YES;
				GCC_WARN_ABOUT_RETURN_TYPE = YES_ERROR;
				GCC_WARN_UNDECLARED_SELECTOR = YES;
				GCC_WARN_UNINITIALIZED_AUTOS = YES_AGGRESSIVE;
				GCC_WARN_UNUSED_FUNCTION = YES;
				GCC_WARN_UNUSED_VARIABLE = YES;
				IPHONEOS_DEPLOYMENT_TARGET = 13.2;
				MTL_ENABLE_DEBUG_INFO = INCLUDE_SOURCE;
				MTL_FAST_MATH = YES;
				ONLY_ACTIVE_ARCH = YES;
				SDKROOT = iphoneos;
				SWIFT_ACTIVE_COMPILATION_CONDITIONS = DEBUG;
				SWIFT_OPTIMIZATION_LEVEL = "-Onone";
			};
			name = Debug;
		};
		4CF752F9237D146300D953C1 /* Release */ = {
			isa = XCBuildConfiguration;
			buildSettings = {
				ALWAYS_SEARCH_USER_PATHS = NO;
				CLANG_ANALYZER_NONNULL = YES;
				CLANG_ANALYZER_NUMBER_OBJECT_CONVERSION = YES_AGGRESSIVE;
				CLANG_CXX_LANGUAGE_STANDARD = "gnu++14";
				CLANG_CXX_LIBRARY = "libc++";
				CLANG_ENABLE_MODULES = YES;
				CLANG_ENABLE_OBJC_ARC = YES;
				CLANG_ENABLE_OBJC_WEAK = YES;
				CLANG_WARN_BLOCK_CAPTURE_AUTORELEASING = YES;
				CLANG_WARN_BOOL_CONVERSION = YES;
				CLANG_WARN_COMMA = YES;
				CLANG_WARN_CONSTANT_CONVERSION = YES;
				CLANG_WARN_DEPRECATED_OBJC_IMPLEMENTATIONS = YES;
				CLANG_WARN_DIRECT_OBJC_ISA_USAGE = YES_ERROR;
				CLANG_WARN_DOCUMENTATION_COMMENTS = YES;
				CLANG_WARN_EMPTY_BODY = YES;
				CLANG_WARN_ENUM_CONVERSION = YES;
				CLANG_WARN_INFINITE_RECURSION = YES;
				CLANG_WARN_INT_CONVERSION = YES;
				CLANG_WARN_NON_LITERAL_NULL_CONVERSION = YES;
				CLANG_WARN_OBJC_IMPLICIT_RETAIN_SELF = YES;
				CLANG_WARN_OBJC_LITERAL_CONVERSION = YES;
				CLANG_WARN_OBJC_ROOT_CLASS = YES_ERROR;
				CLANG_WARN_RANGE_LOOP_ANALYSIS = YES;
				CLANG_WARN_STRICT_PROTOTYPES = YES;
				CLANG_WARN_SUSPICIOUS_MOVE = YES;
				CLANG_WARN_UNGUARDED_AVAILABILITY = YES_AGGRESSIVE;
				CLANG_WARN_UNREACHABLE_CODE = YES;
				CLANG_WARN__DUPLICATE_METHOD_MATCH = YES;
				COPY_PHASE_STRIP = NO;
				DEBUG_INFORMATION_FORMAT = "dwarf-with-dsym";
				ENABLE_NS_ASSERTIONS = NO;
				ENABLE_STRICT_OBJC_MSGSEND = YES;
				GCC_C_LANGUAGE_STANDARD = gnu11;
				GCC_NO_COMMON_BLOCKS = YES;
				GCC_WARN_64_TO_32_BIT_CONVERSION = YES;
				GCC_WARN_ABOUT_RETURN_TYPE = YES_ERROR;
				GCC_WARN_UNDECLARED_SELECTOR = YES;
				GCC_WARN_UNINITIALIZED_AUTOS = YES_AGGRESSIVE;
				GCC_WARN_UNUSED_FUNCTION = YES;
				GCC_WARN_UNUSED_VARIABLE = YES;
				IPHONEOS_DEPLOYMENT_TARGET = 13.2;
				MTL_ENABLE_DEBUG_INFO = NO;
				MTL_FAST_MATH = YES;
				SDKROOT = iphoneos;
				SWIFT_COMPILATION_MODE = wholemodule;
				SWIFT_OPTIMIZATION_LEVEL = "-Onone";
				VALIDATE_PRODUCT = YES;
			};
			name = Release;
		};
		4CF752FB237D146300D953C1 /* Debug */ = {
			isa = XCBuildConfiguration;
			buildSettings = {
				ASSETCATALOG_COMPILER_APPICON_NAME = AppIcon;
				CODE_SIGN_STYLE = Automatic;
				DEVELOPMENT_ASSET_PATHS = "\"Budgetor/Preview Content\"";
				DEVELOPMENT_TEAM = 748HF33S24;
				ENABLE_PREVIEWS = YES;
				INFOPLIST_FILE = Budgetor/Info.plist;
				LD_RUNPATH_SEARCH_PATHS = (
					"$(inherited)",
					"@executable_path/Frameworks",
				);
				PRODUCT_BUNDLE_IDENTIFIER = gmail.panmpan.Budgetor;
				PRODUCT_NAME = "$(TARGET_NAME)";
				SWIFT_VERSION = 5.0;
				TARGETED_DEVICE_FAMILY = "1,2";
			};
			name = Debug;
		};
		4CF752FC237D146300D953C1 /* Release */ = {
			isa = XCBuildConfiguration;
			buildSettings = {
				ASSETCATALOG_COMPILER_APPICON_NAME = AppIcon;
				CODE_SIGN_STYLE = Automatic;
				DEVELOPMENT_ASSET_PATHS = "\"Budgetor/Preview Content\"";
				DEVELOPMENT_TEAM = 748HF33S24;
				ENABLE_PREVIEWS = YES;
				INFOPLIST_FILE = Budgetor/Info.plist;
				LD_RUNPATH_SEARCH_PATHS = (
					"$(inherited)",
					"@executable_path/Frameworks",
				);
				PRODUCT_BUNDLE_IDENTIFIER = gmail.panmpan.Budgetor;
				PRODUCT_NAME = "$(TARGET_NAME)";
				SWIFT_VERSION = 5.0;
				TARGETED_DEVICE_FAMILY = "1,2";
			};
			name = Release;
		};
/* End XCBuildConfiguration section */

/* Begin XCConfigurationList section */
		4CF752E1237D146000D953C1 /* Build configuration list for PBXProject "Budgetor" */ = {
			isa = XCConfigurationList;
			buildConfigurations = (
				4CF752F8237D146300D953C1 /* Debug */,
				4CF752F9237D146300D953C1 /* Release */,
			);
			defaultConfigurationIsVisible = 0;
			defaultConfigurationName = Release;
		};
		4CF752FA237D146300D953C1 /* Build configuration list for PBXNativeTarget "Budgetor" */ = {
			isa = XCConfigurationList;
			buildConfigurations = (
				4CF752FB237D146300D953C1 /* Debug */,
				4CF752FC237D146300D953C1 /* Release */,
			);
			defaultConfigurationIsVisible = 0;
			defaultConfigurationName = Release;
		};
/* End XCConfigurationList section */

/* Begin XCVersionGroup section */
		4CA5F2E52380F23C003D6BE1 /* Model.xcdatamodeld */ = {
			isa = XCVersionGroup;
			children = (
				4CA5F2E62380F23C003D6BE1 /* Model.xcdatamodel */,
			);
			currentVersion = 4CA5F2E62380F23C003D6BE1 /* Model.xcdatamodel */;
			path = Model.xcdatamodeld;
			sourceTree = "<group>";
			versionGroupType = wrapper.xcdatamodel;
		};
/* End XCVersionGroup section */
	};
	rootObject = 4CF752DE237D146000D953C1 /* Project object */;
}
